
Microsoft Visual Studio Solution File, Format Version 12.00
# Visual Studio Version 17
VisualStudioVersion = 17.9.34728.123
MinimumVisualStudioVersion = 10.0.40219.1
Project("{FAE04EC0-301F-11D3-BF4B-00C04F79EFBC}") = "BusinessObjects", "BusinessObjects\BusinessObjects.csproj", "{3D35D834-70F3-44B0-837E-5C09EE72C087}"
EndProject
Project("{FAE04EC0-301F-11D3-BF4B-00C04F79EFBC}") = "DataAccessLayer", "DataAccessLayer\DataAccessLayer.csproj", "{AE40F2E3-3831-4120-BF85-18C90E032A7C}"
EndProject
Project("{FAE04EC0-301F-11D3-BF4B-00C04F79EFBC}") = "Repositories", "Repositories\Repositories.csproj", "{B12F153F-D46F-431B-B6C1-D044F68D5D4A}"
EndProject
Project("{FAE04EC0-301F-11D3-BF4B-00C04F79EFBC}") = "Services", "Services\Services.csproj", "{D564982B-2C11-4B77-8A1A-243D5D8577CA}"
EndProject
Project("{FAE04EC0-301F-11D3-BF4B-00C04F79EFBC}") = "WPFApp", "WPFApp\WPFApp.csproj", "{CCE7058B-B289-451A-AEBE-D1E4BE1A14AB}"
EndProject
Global
	GlobalSection(SolutionConfigurationPlatforms) = preSolution
		Debug|Any CPU = Debug|Any CPU
		Release|Any CPU = Release|Any CPU
	EndGlobalSection
	GlobalSection(ProjectConfigurationPlatforms) = postSolution
		{3D35D834-70F3-44B0-837E-5C09EE72C087}.Debug|Any CPU.ActiveCfg = Debug|Any CPU
		{3D35D834-70F3-44B0-837E-5C09EE72C087}.Debug|Any CPU.Build.0 = Debug|Any CPU
		{3D35D834-70F3-44B0-837E-5C09EE72C087}.Release|Any CPU.ActiveCfg = Release|Any CPU
		{3D35D834-70F3-44B0-837E-5C09EE72C087}.Release|Any CPU.Build.0 = Release|Any CPU
		{AE40F2E3-3831-4120-BF85-18C90E032A7C}.Debug|Any CPU.ActiveCfg = Debug|Any CPU
		{AE40F2E3-3831-4120-BF85-18C90E032A7C}.Debug|Any CPU.Build.0 = Debug|Any CPU
		{AE40F2E3-3831-4120-BF85-18C90E032A7C}.Release|Any CPU.ActiveCfg = Release|Any CPU
		{AE40F2E3-3831-4120-BF85-18C90E032A7C}.Release|Any CPU.Build.0 = Release|Any CPU
		{B12F153F-D46F-431B-B6C1-D044F68D5D4A}.Debug|Any CPU.ActiveCfg = Debug|Any CPU
		{B12F153F-D46F-431B-B6C1-D044F68D5D4A}.Debug|Any CPU.Build.0 = Debug|Any CPU
		{B12F153F-D46F-431B-B6C1-D044F68D5D4A}.Release|Any CPU.ActiveCfg = Release|Any CPU
		{B12F153F-D46F-431B-B6C1-D044F68D5D4A}.Release|Any CPU.Build.0 = Release|Any CPU
		{D564982B-2C11-4B77-8A1A-243D5D8577CA}.Debug|Any CPU.ActiveCfg = Debug|Any CPU
		{D564982B-2C11-4B77-8A1A-243D5D8577CA}.Debug|Any CPU.Build.0 = Debug|Any CPU
		{D564982B-2C11-4B77-8A1A-243D5D8577CA}.Release|Any CPU.ActiveCfg = Release|Any CPU
		{D564982B-2C11-4B77-8A1A-243D5D8577CA}.Release|Any CPU.Build.0 = Release|Any CPU
		{CCE7058B-B289-451A-AEBE-D1E4BE1A14AB}.Debug|Any CPU.ActiveCfg = Debug|Any CPU
		{CCE7058B-B289-451A-AEBE-D1E4BE1A14AB}.Debug|Any CPU.Build.0 = Debug|Any CPU
		{CCE7058B-B289-451A-AEBE-D1E4BE1A14AB}.Release|Any CPU.ActiveCfg = Release|Any CPU
		{CCE7058B-B289-451A-AEBE-D1E4BE1A14AB}.Release|Any CPU.Build.0 = Release|Any CPU
	EndGlobalSection
	GlobalSection(SolutionProperties) = preSolution
		HideSolutionNode = FALSE
	EndGlobalSection
	GlobalSection(ExtensibilityGlobals) = postSolution
		SolutionGuid = {6648FF7C-B1EC-4071-85CC-3D53162FAF68}
	EndGlobalSection
EndGlobal
